
Microsoft Visual Studio Solution File, Format Version 12.00
# Visual Studio Version 17
VisualStudioVersion = 17.5.33516.290
MinimumVisualStudioVersion = 10.0.40219.1
Project("{FAE04EC0-301F-11D3-BF4B-00C04F79EFBC}") = "EntityFrameworkUniversity", "EntityFrameworkUniversity\EntityFrameworkUniversity.csproj", "{578CE88A-89D7-43AB-B060-E5B72BB55EC9}"
EndProject
Project("{FAE04EC0-301F-11D3-BF4B-00C04F79EFBC}") = "EFUnivesityDomain", "EFUnivesityDomain\EFUnivesityDomain.csproj", "{9F0E36B6-F7B4-4A1A-B24D-D07618D75E58}"
EndProject
Project("{FAE04EC0-301F-11D3-BF4B-00C04F79EFBC}") = "EFUnivesityData", "EFUnivesityData\EFUnivesityData.csproj", "{85E43B0C-2C10-462E-A3B4-E31C3CA0393B}"
EndProject
Project("{FAE04EC0-301F-11D3-BF4B-00C04F79EFBC}") = "EFUnivesityDataTwo", "EFUnivesityDataTwo\EFUnivesityDataTwo.csproj", "{1E3FF3E9-723A-47E1-A996-581316567DA4}"
EndProject
Global
	GlobalSection(SolutionConfigurationPlatforms) = preSolution
		Debug|Any CPU = Debug|Any CPU
		Release|Any CPU = Release|Any CPU
	EndGlobalSection
	GlobalSection(ProjectConfigurationPlatforms) = postSolution
		{578CE88A-89D7-43AB-B060-E5B72BB55EC9}.Debug|Any CPU.ActiveCfg = Debug|Any CPU
		{578CE88A-89D7-43AB-B060-E5B72BB55EC9}.Debug|Any CPU.Build.0 = Debug|Any CPU
		{578CE88A-89D7-43AB-B060-E5B72BB55EC9}.Release|Any CPU.ActiveCfg = Release|Any CPU
		{578CE88A-89D7-43AB-B060-E5B72BB55EC9}.Release|Any CPU.Build.0 = Release|Any CPU
		{9F0E36B6-F7B4-4A1A-B24D-D07618D75E58}.Debug|Any CPU.ActiveCfg = Debug|Any CPU
		{9F0E36B6-F7B4-4A1A-B24D-D07618D75E58}.Debug|Any CPU.Build.0 = Debug|Any CPU
		{9F0E36B6-F7B4-4A1A-B24D-D07618D75E58}.Release|Any CPU.ActiveCfg = Release|Any CPU
		{9F0E36B6-F7B4-4A1A-B24D-D07618D75E58}.Release|Any CPU.Build.0 = Release|Any CPU
		{85E43B0C-2C10-462E-A3B4-E31C3CA0393B}.Debug|Any CPU.ActiveCfg = Debug|Any CPU
		{85E43B0C-2C10-462E-A3B4-E31C3CA0393B}.Debug|Any CPU.Build.0 = Debug|Any CPU
		{85E43B0C-2C10-462E-A3B4-E31C3CA0393B}.Release|Any CPU.ActiveCfg = Release|Any CPU
		{85E43B0C-2C10-462E-A3B4-E31C3CA0393B}.Release|Any CPU.Build.0 = Release|Any CPU
		{1E3FF3E9-723A-47E1-A996-581316567DA4}.Debug|Any CPU.ActiveCfg = Debug|Any CPU
		{1E3FF3E9-723A-47E1-A996-581316567DA4}.Debug|Any CPU.Build.0 = Debug|Any CPU
		{1E3FF3E9-723A-47E1-A996-581316567DA4}.Release|Any CPU.ActiveCfg = Release|Any CPU
		{1E3FF3E9-723A-47E1-A996-581316567DA4}.Release|Any CPU.Build.0 = Release|Any CPU
	EndGlobalSection
	GlobalSection(SolutionProperties) = preSolution
		HideSolutionNode = FALSE
	EndGlobalSection
	GlobalSection(ExtensibilityGlobals) = postSolution
		SolutionGuid = {D7BC981A-EF6B-4427-AF43-93F3DAA06DE3}
	EndGlobalSection
EndGlobal
